
Microsoft Visual Studio Solution File, Format Version 12.00
# Visual Studio 14
VisualStudioVersion = 14.0.25420.1
MinimumVisualStudioVersion = 10.0.40219.1
Project("{2150E333-8FDC-42A3-9474-1A3956D46DE8}") = "Presentation", "Presentation", "{3F6CC53A-AFDA-4721-A5BF-431B368122F8}"
EndProject
Project("{2150E333-8FDC-42A3-9474-1A3956D46DE8}") = "Business", "Business", "{0C9F2583-7C8A-4725-A2B0-D050909712B0}"
EndProject
Project("{2150E333-8FDC-42A3-9474-1A3956D46DE8}") = "Data", "Data", "{9E6ED3C0-201D-44AB-B757-FA6C57D37E62}"
EndProject
Project("{2150E333-8FDC-42A3-9474-1A3956D46DE8}") = "Service", "Service", "{6897DDCC-E1D2-4D57-BC78-BE00F91F1E97}"
EndProject
Project("{FAE04EC0-301F-11D3-BF4B-00C04F79EFBC}") = "WIC.UI.Win", "Presentation\WIC.UI.Win\WIC.UI.Win.csproj", "{009A3DF9-90E6-430E-8A78-177C24819A66}"
EndProject
Project("{FAE04EC0-301F-11D3-BF4B-00C04F79EFBC}") = "WIC.Business", "WIC.Business\WIC.Business.csproj", "{4BFC4893-7FBE-40EE-8584-F64CFC04FC4A}"
EndProject
Project("{FAE04EC0-301F-11D3-BF4B-00C04F79EFBC}") = "WIC.Data", "WIC.Data\WIC.Data.csproj", "{F8B1AC17-0F2E-4C1E-9B86-4441607E4DA3}"
EndProject
Project("{FAE04EC0-301F-11D3-BF4B-00C04F79EFBC}") = "WIC.Services", "WIC.Services\WIC.Services.csproj", "{4FA32B13-4F57-4BCB-BE1A-533524A150F8}"
EndProject
Project("{2150E333-8FDC-42A3-9474-1A3956D46DE8}") = "Shared", "Shared", "{88A04D78-B2E5-41F9-9EA5-5077A294E710}"
EndProject
Project("{FAE04EC0-301F-11D3-BF4B-00C04F79EFBC}") = "WIC.Entities", "WIC.Entities\WIC.Entities.csproj", "{20D751C9-2819-4572-B05C-007D92B19C62}"
EndProject
Project("{2150E333-8FDC-42A3-9474-1A3956D46DE8}") = "Tests", "Tests", "{1C2258E0-7918-4ABD-9DD0-BC3C6BD91BC8}"
EndProject
Project("{FAE04EC0-301F-11D3-BF4B-00C04F79EFBC}") = "WIC.Tests", "WIC.Test\WIC.Tests.csproj", "{54530117-C1DB-4DBD-8B17-D72F760A8669}"
EndProject
Project("{00D1A9C2-B5F0-4AF3-8072-F6C62B433612}") = "WIC.Database", "Data\WIC.Database\WIC.Database.sqlproj", "{4FDFFBCC-4F7B-44F0-9BF3-74A7E8F862BD}"
EndProject
Project("{FAE04EC0-301F-11D3-BF4B-00C04F79EFBC}") = "WIC.UI.Process", "Presentation\WIC.UI.Process\WIC.UI.Process.csproj", "{54AD056E-4025-4052-A0CB-65FD44942465}"
EndProject
Project("{FAE04EC0-301F-11D3-BF4B-00C04F79EFBC}") = "WIC.Framework", "WIC.Framework\WIC.Framework.csproj", "{BFAE8BAD-7C15-44C1-81D1-EDA86EC83476}"
EndProject
Project("{2150E333-8FDC-42A3-9474-1A3956D46DE8}") = "Design", "Design", "{E5AAB780-1480-4E72-AA39-9EBC63F31669}"
	ProjectSection(SolutionItems) = preProject
		Domain.xlsx = Domain.xlsx
		LayeredArchitectureTechMap.pdf = LayeredArchitectureTechMap.pdf
		Mockups.pdf = Mockups.pdf
		UseCase.pdf = UseCase.pdf
	EndProjectSection
EndProject
Project("{FAE04EC0-301F-11D3-BF4B-00C04F79EFBC}") = "WIC.UI.MVC", "WIC.UI.MVC\WIC.UI.MVC.csproj", "{BB954061-0378-4612-B48D-F0844B3D4E16}"
EndProject
Global
	GlobalSection(SolutionConfigurationPlatforms) = preSolution
		Debug|Any CPU = Debug|Any CPU
		Release|Any CPU = Release|Any CPU
	EndGlobalSection
	GlobalSection(ProjectConfigurationPlatforms) = postSolution
		{009A3DF9-90E6-430E-8A78-177C24819A66}.Debug|Any CPU.ActiveCfg = Debug|Any CPU
		{009A3DF9-90E6-430E-8A78-177C24819A66}.Debug|Any CPU.Build.0 = Debug|Any CPU
		{009A3DF9-90E6-430E-8A78-177C24819A66}.Release|Any CPU.ActiveCfg = Release|Any CPU
		{009A3DF9-90E6-430E-8A78-177C24819A66}.Release|Any CPU.Build.0 = Release|Any CPU
		{4BFC4893-7FBE-40EE-8584-F64CFC04FC4A}.Debug|Any CPU.ActiveCfg = Debug|Any CPU
		{4BFC4893-7FBE-40EE-8584-F64CFC04FC4A}.Debug|Any CPU.Build.0 = Debug|Any CPU
		{4BFC4893-7FBE-40EE-8584-F64CFC04FC4A}.Release|Any CPU.ActiveCfg = Release|Any CPU
		{4BFC4893-7FBE-40EE-8584-F64CFC04FC4A}.Release|Any CPU.Build.0 = Release|Any CPU
		{F8B1AC17-0F2E-4C1E-9B86-4441607E4DA3}.Debug|Any CPU.ActiveCfg = Debug|Any CPU
		{F8B1AC17-0F2E-4C1E-9B86-4441607E4DA3}.Debug|Any CPU.Build.0 = Debug|Any CPU
		{F8B1AC17-0F2E-4C1E-9B86-4441607E4DA3}.Release|Any CPU.ActiveCfg = Release|Any CPU
		{F8B1AC17-0F2E-4C1E-9B86-4441607E4DA3}.Release|Any CPU.Build.0 = Release|Any CPU
		{4FA32B13-4F57-4BCB-BE1A-533524A150F8}.Debug|Any CPU.ActiveCfg = Debug|Any CPU
		{4FA32B13-4F57-4BCB-BE1A-533524A150F8}.Debug|Any CPU.Build.0 = Debug|Any CPU
		{4FA32B13-4F57-4BCB-BE1A-533524A150F8}.Release|Any CPU.ActiveCfg = Release|Any CPU
		{4FA32B13-4F57-4BCB-BE1A-533524A150F8}.Release|Any CPU.Build.0 = Release|Any CPU
		{20D751C9-2819-4572-B05C-007D92B19C62}.Debug|Any CPU.ActiveCfg = Debug|Any CPU
		{20D751C9-2819-4572-B05C-007D92B19C62}.Debug|Any CPU.Build.0 = Debug|Any CPU
		{20D751C9-2819-4572-B05C-007D92B19C62}.Release|Any CPU.ActiveCfg = Release|Any CPU
		{20D751C9-2819-4572-B05C-007D92B19C62}.Release|Any CPU.Build.0 = Release|Any CPU
		{54530117-C1DB-4DBD-8B17-D72F760A8669}.Debug|Any CPU.ActiveCfg = Debug|Any CPU
		{54530117-C1DB-4DBD-8B17-D72F760A8669}.Debug|Any CPU.Build.0 = Debug|Any CPU
		{54530117-C1DB-4DBD-8B17-D72F760A8669}.Release|Any CPU.ActiveCfg = Release|Any CPU
		{54530117-C1DB-4DBD-8B17-D72F760A8669}.Release|Any CPU.Build.0 = Release|Any CPU
		{4FDFFBCC-4F7B-44F0-9BF3-74A7E8F862BD}.Debug|Any CPU.ActiveCfg = Debug|Any CPU
		{4FDFFBCC-4F7B-44F0-9BF3-74A7E8F862BD}.Debug|Any CPU.Build.0 = Debug|Any CPU
		{4FDFFBCC-4F7B-44F0-9BF3-74A7E8F862BD}.Debug|Any CPU.Deploy.0 = Debug|Any CPU
		{4FDFFBCC-4F7B-44F0-9BF3-74A7E8F862BD}.Release|Any CPU.ActiveCfg = Release|Any CPU
		{4FDFFBCC-4F7B-44F0-9BF3-74A7E8F862BD}.Release|Any CPU.Build.0 = Release|Any CPU
		{4FDFFBCC-4F7B-44F0-9BF3-74A7E8F862BD}.Release|Any CPU.Deploy.0 = Release|Any CPU
		{54AD056E-4025-4052-A0CB-65FD44942465}.Debug|Any CPU.ActiveCfg = Debug|Any CPU
		{54AD056E-4025-4052-A0CB-65FD44942465}.Debug|Any CPU.Build.0 = Debug|Any CPU
		{54AD056E-4025-4052-A0CB-65FD44942465}.Release|Any CPU.ActiveCfg = Release|Any CPU
		{54AD056E-4025-4052-A0CB-65FD44942465}.Release|Any CPU.Build.0 = Release|Any CPU
		{BFAE8BAD-7C15-44C1-81D1-EDA86EC83476}.Debug|Any CPU.ActiveCfg = Debug|Any CPU
		{BFAE8BAD-7C15-44C1-81D1-EDA86EC83476}.Debug|Any CPU.Build.0 = Debug|Any CPU
		{BFAE8BAD-7C15-44C1-81D1-EDA86EC83476}.Release|Any CPU.ActiveCfg = Release|Any CPU
		{BFAE8BAD-7C15-44C1-81D1-EDA86EC83476}.Release|Any CPU.Build.0 = Release|Any CPU
		{BB954061-0378-4612-B48D-F0844B3D4E16}.Debug|Any CPU.ActiveCfg = Debug|Any CPU
		{BB954061-0378-4612-B48D-F0844B3D4E16}.Debug|Any CPU.Build.0 = Debug|Any CPU
		{BB954061-0378-4612-B48D-F0844B3D4E16}.Release|Any CPU.ActiveCfg = Release|Any CPU
		{BB954061-0378-4612-B48D-F0844B3D4E16}.Release|Any CPU.Build.0 = Release|Any CPU
	EndGlobalSection
	GlobalSection(SolutionProperties) = preSolution
		HideSolutionNode = FALSE
	EndGlobalSection
	GlobalSection(NestedProjects) = preSolution
		{009A3DF9-90E6-430E-8A78-177C24819A66} = {3F6CC53A-AFDA-4721-A5BF-431B368122F8}
		{4BFC4893-7FBE-40EE-8584-F64CFC04FC4A} = {0C9F2583-7C8A-4725-A2B0-D050909712B0}
		{F8B1AC17-0F2E-4C1E-9B86-4441607E4DA3} = {9E6ED3C0-201D-44AB-B757-FA6C57D37E62}
		{4FA32B13-4F57-4BCB-BE1A-533524A150F8} = {6897DDCC-E1D2-4D57-BC78-BE00F91F1E97}
		{20D751C9-2819-4572-B05C-007D92B19C62} = {88A04D78-B2E5-41F9-9EA5-5077A294E710}
		{54530117-C1DB-4DBD-8B17-D72F760A8669} = {1C2258E0-7918-4ABD-9DD0-BC3C6BD91BC8}
		{4FDFFBCC-4F7B-44F0-9BF3-74A7E8F862BD} = {9E6ED3C0-201D-44AB-B757-FA6C57D37E62}
		{54AD056E-4025-4052-A0CB-65FD44942465} = {3F6CC53A-AFDA-4721-A5BF-431B368122F8}
		{BFAE8BAD-7C15-44C1-81D1-EDA86EC83476} = {88A04D78-B2E5-41F9-9EA5-5077A294E710}
		{BB954061-0378-4612-B48D-F0844B3D4E16} = {3F6CC53A-AFDA-4721-A5BF-431B368122F8}
	EndGlobalSection
	GlobalSection(ExtensibilityGlobals) = postSolution
		EnterpriseLibraryConfigurationToolBinariesPathV6 = packages\EnterpriseLibrary.Common.6.0.1304.0\lib\NET45;packages\EnterpriseLibrary.Data.6.0.1304.0\lib\NET45
	EndGlobalSection
EndGlobal
